
Microsoft Visual Studio Solution File, Format Version 12.00
# Visual Studio Version 16
VisualStudioVersion = 16.0.31005.135
MinimumVisualStudioVersion = 10.0.40219.1
Project("{FAE04EC0-301F-11D3-BF4B-00C04F79EFBC}") = "Proxier", "Proxier\Proxier.csproj", "{AF52004E-F0B8-497F-BAA7-FD8D685E6D71}"
EndProject
Global
	GlobalSection(SolutionConfigurationPlatforms) = preSolution
		Debug|Any CPU = Debug|Any CPU
		Release|Any CPU = Release|Any CPU
	EndGlobalSection
	GlobalSection(ProjectConfigurationPlatforms) = postSolution
		{AF52004E-F0B8-497F-BAA7-FD8D685E6D71}.Debug|Any CPU.ActiveCfg = Debug|Any CPU
		{AF52004E-F0B8-497F-BAA7-FD8D685E6D71}.Debug|Any CPU.Build.0 = Debug|Any CPU
		{AF52004E-F0B8-497F-BAA7-FD8D685E6D71}.Release|Any CPU.ActiveCfg = Release|Any CPU
		{AF52004E-F0B8-497F-BAA7-FD8D685E6D71}.Release|Any CPU.Build.0 = Release|Any CPU
	EndGlobalSection
	GlobalSection(SolutionProperties) = preSolution
		HideSolutionNode = FALSE
	EndGlobalSection
	GlobalSection(ExtensibilityGlobals) = postSolution
		SolutionGuid = {E881F00F-74DC-40AB-977D-85E80BC8AF04}
	EndGlobalSection
EndGlobal
